lockfileVersion: '9.0'

settings:
  autoInstallPeers: true
  excludeLinksFromLockfile: false

importers:

  .:
    dependencies:
      '@sanity/icons':
        specifier: ^3.7.4
        version: 3.7.4(react@19.2.4)

packages:

  '@sanity/icons@3.7.4':
    resolution: {integrity: sha512-O9MnckiDsphFwlRS8Q3kj3n+JYUZ0UzKRujnSikMZOKI0dayucRe4U2XvxikRhJnFhcEJXW2RkWJoBaCoup9Sw==}
    engines: {node: '>=14.0.0'}
    peerDependencies:
      react: ^18.3 || ^19.0.0-0

  react@19.2.4:
    resolution: {integrity: sha512-9nfp2hYpCwOjAN+8TZFGhtWEwgvWHXqESH8qT89AT/lWklpLON22Lc8pEtnpsZz7VmawabSU0gCjnj8aC0euHQ==}
    engines: {node: '>=0.10.0'}

snapshots:

  '@sanity/icons@3.7.4(react@19.2.4)':
    dependencies:
      react: 19.2.4

  react@19.2.4: {}
